{
  "name": "calculated-field",
  "version": "1.0.0",
  "lockfileVersion": 1,
  "requires": true,
  "dependencies": {
    "@handsontable/formulajs": {
      "version": "2.0.2",
      "resolved": "https://registry.npmjs.org/@handsontable/formulajs/-/formulajs-2.0.2.tgz",
      "integrity": "sha512-maIyMJtYjA5e/R9nyA22Qd7Yw73MBSxClJvle0a8XWAS/5l6shc/OFpQqrmwMy4IXUCmywJ9ER0gOGz/YA720w==",
      "dev": true,
      "requires": {
        "bessel": "^1.0.2",
        "jstat": "^1.9.2"
      }
    },
    "bessel": {
      "version": "1.0.2",
      "resolved": "https://registry.npmjs.org/bessel/-/bessel-1.0.2.tgz",
      "integrity": "sha512-Al3nHGQGqDYqqinXhQzmwmcRToe/3WyBv4N8aZc5Pef8xw2neZlR9VPi84Sa23JtgWcucu18HxVZrnI0fn2etw==",
      "dev": true
    },
    "jstat": {
      "version": "1.9.3",
      "resolved": "https://registry.npmjs.org/jstat/-/jstat-1.9.3.tgz",
      "integrity": "sha512-/2JL4Xv6xfhN2+AEKQGTYr1LZTmBCR/5fHxJVvb9zWNsmKZfKrl3wYYK8SD/Z8kXkf+ZSusfumLZ4wDTHrWujA==",
      "dev": true
    }
  }
}
